// !$*UTF8*$!
{
	archiveVersion = 1;
	classes = {
	};
	objectVersion = 50;
	objects = {

/* Begin PBXBuildFile section */
		FE619A0D23DD1B130000347B /* AppDelegate.swift in Sources */ = {isa = PBXBuildFile; fileRef = FE619A0C23DD1B130000347B /* AppDelegate.swift */; };
		FE619A0F23DD1B130000347B /* SceneDelegate.swift in Sources */ = {isa = PBXBuildFile; fileRef = FE619A0E23DD1B130000347B /* SceneDelegate.swift */; };
		FE619A1123DD1B130000347B /* ViewController.swift in Sources */ = {isa = PBXBuildFile; fileRef = FE619A1023DD1B130000347B /* ViewController.swift */; };
		FE619A1423DD1B130000347B /* Main.storyboard in Resources */ = {isa = PBXBuildFile; fileRef = FE619A1223DD1B130000347B /* Main.storyboard */; };
		FE619A1723DD1B130000347B /* OpenCV.xcdatamodeld in Sources */ = {isa = PBXBuildFile; fileRef = FE619A1523DD1B130000347B /* OpenCV.xcdatamodeld */; };
		FE619A1923DD1B140000347B /* Assets.xcassets in Resources */ = {isa = PBXBuildFile; fileRef = FE619A1823DD1B140000347B /* Assets.xcassets */; };
		FE619A1C23DD1B140000347B /* LaunchScreen.storyboard in Resources */ = {isa = PBXBuildFile; fileRef = FE619A1A23DD1B140000347B /* LaunchScreen.storyboard */; };
		FE619A2523DD1BD20000347B /* opencv2.framework in Frameworks */ = {isa = PBXBuildFile; fileRef = FE619A2423DD1BD20000347B /* opencv2.framework */; };
		FE619A3023DD1DA30000347B /* OpenCVWrapper.mm in Sources */ = {isa = PBXBuildFile; fileRef = FE619A2F23DD1DA30000347B /* OpenCVWrapper.mm */; };
		FE88CEF023DFDF41004DCBF3 /* UIImage.swift in Sources */ = {isa = PBXBuildFile; fileRef = FE88CEEF23DFDF41004DCBF3 /* UIImage.swift */; };
/* End PBXBuildFile section */

/* Begin PBXFileReference section */
		FE619A0923DD1B130000347B /* OpenCV.app */ = {isa = PBXFileReference; explicitFileType = wrapper.application; includeInIndex = 0; path = OpenCV.app; sourceTree = BUILT_PRODUCTS_DIR; };
		FE619A0C23DD1B130000347B /* AppDelegate.swift */ = {isa = PBXFileReference; lastKnownFileType = sourcecode.swift; path = AppDelegate.swift; sourceTree = "<group>"; };
		FE619A0E23DD1B130000347B /* SceneDelegate.swift */ = {isa = PBXFileReference; lastKnownFileType = sourcecode.swift; path = SceneDelegate.swift; sourceTree = "<group>"; };
		FE619A1023DD1B130000347B /* ViewController.swift */ = {isa = PBXFileReference; lastKnownFileType = sourcecode.swift; path = ViewController.swift; sourceTree = "<group>"; };
		FE619A1323DD1B130000347B /* Base */ = {isa = PBXFileReference; lastKnownFileType = file.storyboard; name = Base; path = Base.lproj/Main.storyboard; sourceTree = "<group>"; };
		FE619A1623DD1B130000347B /* OpenCV.xcdatamodel */ = {isa = PBXFileReference; lastKnownFileType = wrapper.xcdatamodel; path = OpenCV.xcdatamodel; sourceTree = "<group>"; };
		FE619A1823DD1B140000347B /* Assets.xcassets */ = {isa = PBXFileReference; lastKnownFileType = folder.assetcatalog; path = Assets.xcassets; sourceTree = "<group>"; };
		FE619A1B23DD1B140000347B /* Base */ = {isa = PBXFileReference; lastKnownFileType = file.storyboard; name = Base; path = Base.lproj/LaunchScreen.storyboard; sourceTree = "<group>"; };
		FE619A1D23DD1B140000347B /* Info.plist */ = {isa = PBXFileReference; lastKnownFileType = text.plist.xml; path = Info.plist; sourceTree = "<group>"; };
		FE619A2423DD1BD20000347B /* opencv2.framework */ = {isa = PBXFileReference; lastKnownFileType = wrapper.framework; name = opencv2.framework; path = ../opencv2.framework; sourceTree = "<group>"; };
		FE619A2E23DD1DA30000347B /* OpenCVWrapper.h */ = {isa = PBXFileReference; lastKnownFileType = sourcecode.c.h; path = OpenCVWrapper.h; sourceTree = "<group>"; };
		FE619A2F23DD1DA30000347B /* OpenCVWrapper.mm */ = {isa = PBXFileReference; lastKnownFileType = sourcecode.cpp.objcpp; path = OpenCVWrapper.mm; sourceTree = "<group>"; };
		FE619A3123DD1EAF0000347B /* OpenCV-Bridging-Header.h */ = {isa = PBXFileReference; lastKnownFileType = sourcecode.c.h; path = "OpenCV-Bridging-Header.h"; sourceTree = "<group>"; };
		FE619A3223DD21CC0000347B /* PrefixHeader.pch */ = {isa = PBXFileReference; lastKnownFileType = sourcecode.c.h; path = PrefixHeader.pch; sourceTree = "<group>"; };
		FE88CEEF23DFDF41004DCBF3 /* UIImage.swift */ = {isa = PBXFileReference; fileEncoding = 4; lastKnownFileType = sourcecode.swift; path = UIImage.swift; sourceTree = "<group>"; };
/* End PBXFileReference section */

/* Begin PBXFrameworksBuildPhase section */
		FE619A0623DD1B130000347B /* Frameworks */ = {
			isa = PBXFrameworksBuildPhase;
			buildActionMask = 2147483647;
			files = (
				FE619A2523DD1BD20000347B /* opencv2.framework in Frameworks */,
			);
			runOnlyForDeploymentPostprocessing = 0;
		};
/* End PBXFrameworksBuildPhase section */

/* Begin PBXGroup section */
		FE619A0023DD1B130000347B = {
			isa = PBXGroup;
			children = (
				FE619A0B23DD1B130000347B /* OpenCV */,
				FE619A0A23DD1B130000347B /* Products */,
				FE619A2323DD1BD20000347B /* Frameworks */,
			);
			sourceTree = "<group>";
		};
		FE619A0A23DD1B130000347B /* Products */ = {
			isa = PBXGroup;
			children = (
				FE619A0923DD1B130000347B /* OpenCV.app */,
			);
			name = Products;
			sourceTree = "<group>";
		};
		FE619A0B23DD1B130000347B /* OpenCV */ = {
			isa = PBXGroup;
			children = (
				FE619A0C23DD1B130000347B /* AppDelegate.swift */,
				FE619A0E23DD1B130000347B /* SceneDelegate.swift */,
				FE619A1023DD1B130000347B /* ViewController.swift */,
				FE88CEEF23DFDF41004DCBF3 /* UIImage.swift */,
				FE619A1223DD1B130000347B /* Main.storyboard */,
				FE619A1823DD1B140000347B /* Assets.xcassets */,
				FE619A1A23DD1B140000347B /* LaunchScreen.storyboard */,
				FE619A1D23DD1B140000347B /* Info.plist */,
				FE619A1523DD1B130000347B /* OpenCV.xcdatamodeld */,
				FE619A3123DD1EAF0000347B /* OpenCV-Bridging-Header.h */,
				FE619A2E23DD1DA30000347B /* OpenCVWrapper.h */,
				FE619A2F23DD1DA30000347B /* OpenCVWrapper.mm */,
				FE619A3223DD21CC0000347B /* PrefixHeader.pch */,
			);
			path = OpenCV;
			sourceTree = "<group>";
		};
		FE619A2323DD1BD20000347B /* Frameworks */ = {
			isa = PBXGroup;
			children = (
				FE619A2423DD1BD20000347B /* opencv2.framework */,
			);
			name = Frameworks;
			sourceTree = "<group>";
		};
/* End PBXGroup section */

/* Begin PBXNativeTarget section */
		FE619A0823DD1B130000347B /* OpenCV */ = {
			isa = PBXNativeTarget;
			buildConfigurationList = FE619A2023DD1B140000347B /* Build configuration list for PBXNativeTarget "OpenCV" */;
			buildPhases = (
				FE619A0523DD1B130000347B /* Sources */,
				FE619A0623DD1B130000347B /* Frameworks */,
				FE619A0723DD1B130000347B /* Resources */,
			);
			buildRules = (
			);
			dependencies = (
			);
			name = OpenCV;
			productName = OpenCV;
			productReference = FE619A0923DD1B130000347B /* OpenCV.app */;
			productType = "com.apple.product-type.application";
		};
/* End PBXNativeTarget section */

/* Begin PBXProject section */
		FE619A0123DD1B130000347B /* Project object */ = {
			isa = PBXProject;
			attributes = {
				LastSwiftUpdateCheck = 1120;
				LastUpgradeCheck = 1120;
				ORGANIZATIONNAME = "zeyi wang";
				TargetAttributes = {
					FE619A0823DD1B130000347B = {
						CreatedOnToolsVersion = 11.2.1;
						LastSwiftMigration = 1120;
					};
				};
			};
			buildConfigurationList = FE619A0423DD1B130000347B /* Build configuration list for PBXProject "OpenCV" */;
			compatibilityVersion = "Xcode 9.3";
			developmentRegion = en;
			hasScannedForEncodings = 0;
			knownRegions = (
				en,
				Base,
			);
			mainGroup = FE619A0023DD1B130000347B;
			productRefGroup = FE619A0A23DD1B130000347B /* Products */;
			projectDirPath = "";
			projectRoot = "";
			targets = (
				FE619A0823DD1B130000347B /* OpenCV */,
			);
		};
/* End PBXProject section */

/* Begin PBXResourcesBuildPhase section */
		FE619A0723DD1B130000347B /* Resources */ = {
			isa = PBXResourcesBuildPhase;
			buildActionMask = 2147483647;
			files = (
				FE619A1C23DD1B140000347B /* LaunchScreen.storyboard in Resources */,
				FE619A1923DD1B140000347B /* Assets.xcassets in Resources */,
				FE619A1423DD1B130000347B /* Main.storyboard in Resources */,
			);
			runOnlyForDeploymentPostprocessing = 0;
		};
/* End PBXResourcesBuildPhase section */

/* Begin PBXSourcesBuildPhase section */
		FE619A0523DD1B130000347B /* Sources */ = {
			isa = PBXSourcesBuildPhase;
			buildActionMask = 2147483647;
			files = (
				FE619A1123DD1B130000347B /* ViewController.swift in Sources */,
				FE619A3023DD1DA30000347B /* OpenCVWrapper.mm in Sources */,
				FE619A0D23DD1B130000347B /* AppDelegate.swift in Sources */,
				FE88CEF023DFDF41004DCBF3 /* UIImage.swift in Sources */,
				FE619A1723DD1B130000347B /* OpenCV.xcdatamodeld in Sources */,
				FE619A0F23DD1B130000347B /* SceneDelegate.swift in Sources */,
			);
			runOnlyForDeploymentPostprocessing = 0;
		};
/* End PBXSourcesBuildPhase section */

/* Begin PBXVariantGroup section */
		FE619A1223DD1B130000347B /* Main.storyboard */ = {
			isa = PBXVariantGroup;
			children = (
				FE619A1323DD1B130000347B /* Base */,
			);
			name = Main.storyboard;
			sourceTree = "<group>";
		};
		FE619A1A23DD1B140000347B /* LaunchScreen.storyboard */ = {
			isa = PBXVariantGroup;
			children = (
				FE619A1B23DD1B140000347B /* Base */,
			);
			name = LaunchScreen.storyboard;
			sourceTree = "<group>";
		};
/* End PBXVariantGroup section */

/* Begin XCBuildConfiguration section */
		FE619A1E23DD1B140000347B /* Debug */ = {
			isa = XCBuildConfiguration;
			buildSettings = {
				ALWAYS_SEARCH_USER_PATHS = NO;
				CLANG_ANALYZER_NONNULL = YES;
				CLANG_ANALYZER_NUMBER_OBJECT_CONVERSION = YES_AGGRESSIVE;
				CLANG_CXX_LANGUAGE_STANDARD = "gnu++14";
				CLANG_CXX_LIBRARY = "libc++";
				CLANG_ENABLE_MODULES = YES;
				CLANG_ENABLE_OBJC_ARC = YES;
				CLANG_ENABLE_OBJC_WEAK = YES;
				CLANG_WARN_BLOCK_CAPTURE_AUTORELEASING = YES;
				CLANG_WARN_BOOL_CONVERSION = YES;
				CLANG_WARN_COMMA = YES;
				CLANG_WARN_CONSTANT_CONVERSION = YES;
				CLANG_WARN_DEPRECATED_OBJC_IMPLEMENTATIONS = YES;
				CLANG_WARN_DIRECT_OBJC_ISA_USAGE = YES_ERROR;
				CLANG_WARN_DOCUMENTATION_COMMENTS = YES;
				CLANG_WARN_EMPTY_BODY = YES;
				CLANG_WARN_ENUM_CONVERSION = YES;
				CLANG_WARN_INFINITE_RECURSION = YES;
				CLANG_WARN_INT_CONVERSION = YES;
				CLANG_WARN_NON_LITERAL_NULL_CONVERSION = YES;
				CLANG_WARN_OBJC_IMPLICIT_RETAIN_SELF = YES;
				CLANG_WARN_OBJC_LITERAL_CONVERSION = YES;
				CLANG_WARN_OBJC_ROOT_CLASS = YES_ERROR;
				CLANG_WARN_RANGE_LOOP_ANALYSIS = YES;
				CLANG_WARN_STRICT_PROTOTYPES = YES;
				CLANG_WARN_SUSPICIOUS_MOVE = YES;
				CLANG_WARN_UNGUARDED_AVAILABILITY = YES_AGGRESSIVE;
				CLANG_WARN_UNREACHABLE_CODE = YES;
				CLANG_WARN__DUPLICATE_METHOD_MATCH = YES;
				COPY_PHASE_STRIP = NO;
				DEBUG_INFORMATION_FORMAT = dwarf;
				ENABLE_STRICT_OBJC_MSGSEND = YES;
				ENABLE_TESTABILITY = YES;
				GCC_C_LANGUAGE_STANDARD = gnu11;
				GCC_DYNAMIC_NO_PIC = NO;
				GCC_NO_COMMON_BLOCKS = YES;
				GCC_OPTIMIZATION_LEVEL = 0;
				GCC_PREPROCESSOR_DEFINITIONS = (
					"DEBUG=1",
					"$(inherited)",
				);
				GCC_WARN_64_TO_32_BIT_CONVERSION = YES;
				GCC_WARN_ABOUT_RETURN_TYPE = YES_ERROR;
				GCC_WARN_UNDECLARED_SELECTOR = YES;
				GCC_WARN_UNINITIALIZED_AUTOS = YES_AGGRESSIVE;
				GCC_WARN_UNUSED_FUNCTION = YES;
				GCC_WARN_UNUSED_VARIABLE = YES;
				IPHONEOS_DEPLOYMENT_TARGET = 13.2;
				MTL_ENABLE_DEBUG_INFO = INCLUDE_SOURCE;
				MTL_FAST_MATH = YES;
				ONLY_ACTIVE_ARCH = YES;
				SDKROOT = iphoneos;
				SWIFT_ACTIVE_COMPILATION_CONDITIONS = DEBUG;
				SWIFT_OPTIMIZATION_LEVEL = "-Onone";
			};
			name = Debug;
		};
		FE619A1F23DD1B140000347B /* Release */ = {
			isa = XCBuildConfiguration;
			buildSettings = {
				ALWAYS_SEARCH_USER_PATHS = NO;
				CLANG_ANALYZER_NONNULL = YES;
				CLANG_ANALYZER_NUMBER_OBJECT_CONVERSION = YES_AGGRESSIVE;
				CLANG_CXX_LANGUAGE_STANDARD = "gnu++14";
				CLANG_CXX_LIBRARY = "libc++";
				CLANG_ENABLE_MODULES = YES;
				CLANG_ENABLE_OBJC_ARC = YES;
				CLANG_ENABLE_OBJC_WEAK = YES;
				CLANG_WARN_BLOCK_CAPTURE_AUTORELEASING = YES;
				CLANG_WARN_BOOL_CONVERSION = YES;
				CLANG_WARN_COMMA = YES;
				CLANG_WARN_CONSTANT_CONVERSION = YES;
				CLANG_WARN_DEPRECATED_OBJC_IMPLEMENTATIONS = YES;
				CLANG_WARN_DIRECT_OBJC_ISA_USAGE = YES_ERROR;
				CLANG_WARN_DOCUMENTATION_COMMENTS = YES;
				CLANG_WARN_EMPTY_BODY = YES;
				CLANG_WARN_ENUM_CONVERSION = YES;
				CLANG_WARN_INFINITE_RECURSION = YES;
				CLANG_WARN_INT_CONVERSION = YES;
				CLANG_WARN_NON_LITERAL_NULL_CONVERSION = YES;
				CLANG_WARN_OBJC_IMPLICIT_RETAIN_SELF = YES;
				CLANG_WARN_OBJC_LITERAL_CONVERSION = YES;
				CLANG_WARN_OBJC_ROOT_CLASS = YES_ERROR;
				CLANG_WARN_RANGE_LOOP_ANALYSIS = YES;
				CLANG_WARN_STRICT_PROTOTYPES = YES;
				CLANG_WARN_SUSPICIOUS_MOVE = YES;
				CLANG_WARN_UNGUARDED_AVAILABILITY = YES_AGGRESSIVE;
				CLANG_WARN_UNREACHABLE_CODE = YES;
				CLANG_WARN__DUPLICATE_METHOD_MATCH = YES;
				COPY_PHASE_STRIP = NO;
				DEBUG_INFORMATION_FORMAT = "dwarf-with-dsym";
				ENABLE_NS_ASSERTIONS = NO;
				ENABLE_STRICT_OBJC_MSGSEND = YES;
				GCC_C_LANGUAGE_STANDARD = gnu11;
				GCC_NO_COMMON_BLOCKS = YES;
				GCC_WARN_64_TO_32_BIT_CONVERSION = YES;
				GCC_WARN_ABOUT_RETURN_TYPE = YES_ERROR;
				GCC_WARN_UNDECLARED_SELECTOR = YES;
				GCC_WARN_UNINITIALIZED_AUTOS = YES_AGGRESSIVE;
				GCC_WARN_UNUSED_FUNCTION = YES;
				GCC_WARN_UNUSED_VARIABLE = YES;
				IPHONEOS_DEPLOYMENT_TARGET = 13.2;
				MTL_ENABLE_DEBUG_INFO = NO;
				MTL_FAST_MATH = YES;
				SDKROOT = iphoneos;
				SWIFT_COMPILATION_MODE = wholemodule;
				SWIFT_OPTIMIZATION_LEVEL = "-O";
				VALIDATE_PRODUCT = YES;
			};
			name = Release;
		};
		FE619A2123DD1B140000347B /* Debug */ = {
			isa = XCBuildConfiguration;
			buildSettings = {
				ASSETCATALOG_COMPILER_APPICON_NAME = AppIcon;
				CLANG_ENABLE_MODULES = YES;
				CODE_SIGN_STYLE = Automatic;
				"FRAMEWORK_SEARCH_PATHS[arch=*]" = "$(PROJECT_DIR)/";
				GCC_PRECOMPILE_PREFIX_HEADER = YES;
				GCC_PREFIX_HEADER = "$(SRCROOT)/OpenCV/PrefixHeader.pch";
				INFOPLIST_FILE = OpenCV/Info.plist;
				LD_RUNPATH_SEARCH_PATHS = (
					"$(inherited)",
					"@executable_path/Frameworks",
				);
				PRODUCT_BUNDLE_IDENTIFIER = rick.OpenCV;
				PRODUCT_NAME = "$(TARGET_NAME)";
				SWIFT_OBJC_BRIDGING_HEADER = "OpenCV/OpenCV-Bridging-Header.h";
				SWIFT_OPTIMIZATION_LEVEL = "-Onone";
				SWIFT_VERSION = 5.0;
				TARGETED_DEVICE_FAMILY = "1,2";
			};
			name = Debug;
		};
		FE619A2223DD1B140000347B /* Release */ = {
			isa = XCBuildConfiguration;
			buildSettings = {
				ASSETCATALOG_COMPILER_APPICON_NAME = AppIcon;
				CLANG_ENABLE_MODULES = YES;
				CODE_SIGN_STYLE = Automatic;
				GCC_PRECOMPILE_PREFIX_HEADER = YES;
				GCC_PREFIX_HEADER = "$(SRCROOT)/OpenCV/PrefixHeader.pch";
				INFOPLIST_FILE = OpenCV/Info.plist;
				LD_RUNPATH_SEARCH_PATHS = (
					"$(inherited)",
					"@executable_path/Frameworks",
				);
				PRODUCT_BUNDLE_IDENTIFIER = rick.OpenCV;
				PRODUCT_NAME = "$(TARGET_NAME)";
				SWIFT_OBJC_BRIDGING_HEADER = "OpenCV/OpenCV-Bridging-Header.h";
				SWIFT_VERSION = 5.0;
				TARGETED_DEVICE_FAMILY = "1,2";
			};
			name = Release;
		};
/* End XCBuildConfiguration section */

/* Begin XCConfigurationList section */
		FE619A0423DD1B130000347B /* Build configuration list for PBXProject "OpenCV" */ = {
			isa = XCConfigurationList;
			buildConfigurations = (
				FE619A1E23DD1B140000347B /* Debug */,
				FE619A1F23DD1B140000347B /* Release */,
			);
			defaultConfigurationIsVisible = 0;
			defaultConfigurationName = Release;
		};
		FE619A2023DD1B140000347B /* Build configuration list for PBXNativeTarget "OpenCV" */ = {
			isa = XCConfigurationList;
			buildConfigurations = (
				FE619A2123DD1B140000347B /* Debug */,
				FE619A2223DD1B140000347B /* Release */,
			);
			defaultConfigurationIsVisible = 0;
			defaultConfigurationName = Release;
		};
/* End XCConfigurationList section */

/* Begin XCVersionGroup section */
		FE619A1523DD1B130000347B /* OpenCV.xcdatamodeld */ = {
			isa = XCVersionGroup;
			children = (
				FE619A1623DD1B130000347B /* OpenCV.xcdatamodel */,
			);
			currentVersion = FE619A1623DD1B130000347B /* OpenCV.xcdatamodel */;
			path = OpenCV.xcdatamodeld;
			sourceTree = "<group>";
			versionGroupType = wrapper.xcdatamodel;
		};
/* End XCVersionGroup section */
	};
	rootObject = FE619A0123DD1B130000347B /* Project object */;
}
